// !$*UTF8*$!
{
	archiveVersion = 1;
	classes = {
	};
	objectVersion = 46;
	objects = {

/* Begin PBXBuildFile section */
		837855B71E0A652F00B5C752 /* main.m in Sources */ = {isa = PBXBuildFile; fileRef = 837855B61E0A652F00B5C752 /* main.m */; };
		837855BA1E0A652F00B5C752 /* AppDelegate.m in Sources */ = {isa = PBXBuildFile; fileRef = 837855B91E0A652F00B5C752 /* AppDelegate.m */; };
		837855BD1E0A652F00B5C752 /* ViewController.m in Sources */ = {isa = PBXBuildFile; fileRef = 837855BC1E0A652F00B5C752 /* ViewController.m */; };
		837855C01E0A652F00B5C752 /* Main.storyboard in Resources */ = {isa = PBXBuildFile; fileRef = 837855BE1E0A652F00B5C752 /* Main.storyboard */; };
		837855C21E0A652F00B5C752 /* Assets.xcassets in Resources */ = {isa = PBXBuildFile; fileRef = 837855C11E0A652F00B5C752 /* Assets.xcassets */; };
		837855C51E0A652F00B5C752 /* LaunchScreen.storyboard in Resources */ = {isa = PBXBuildFile; fileRef = 837855C31E0A652F00B5C752 /* LaunchScreen.storyboard */; };
		837855D01E0A652F00B5C752 /* HorMenuListTests.m in Sources */ = {isa = PBXBuildFile; fileRef = 837855CF1E0A652F00B5C752 /* HorMenuListTests.m */; };
		837855DB1E0A652F00B5C752 /* HorMenuListUITests.m in Sources */ = {isa = PBXBuildFile; fileRef = 837855DA1E0A652F00B5C752 /* HorMenuListUITests.m */; };
		837855EB1E0A66A700B5C752 /* Hor_M_L_ScrollView.m in Sources */ = {isa = PBXBuildFile; fileRef = 837855EA1E0A66A700B5C752 /* Hor_M_L_ScrollView.m */; };
		837855EE1E0A681C00B5C752 /* MenuListView.m in Sources */ = {isa = PBXBuildFile; fileRef = 837855ED1E0A681C00B5C752 /* MenuListView.m */; };
/* End PBXBuildFile section */

/* Begin PBXContainerItemProxy section */
		837855CC1E0A652F00B5C752 /* PBXContainerItemProxy */ = {
			isa = PBXContainerItemProxy;
			containerPortal = 837855AA1E0A652F00B5C752 /* Project object */;
			proxyType = 1;
			remoteGlobalIDString = 837855B11E0A652F00B5C752;
			remoteInfo = HorMenuList;
		};
		837855D71E0A652F00B5C752 /* PBXContainerItemProxy */ = {
			isa = PBXContainerItemProxy;
			containerPortal = 837855AA1E0A652F00B5C752 /* Project object */;
			proxyType = 1;
			remoteGlobalIDString = 837855B11E0A652F00B5C752;
			remoteInfo = HorMenuList;
		};
/* End PBXContainerItemProxy section */

/* Begin PBXFileReference section */
		837855B21E0A652F00B5C752 /* HorMenuList.app */ = {isa = PBXFileReference; explicitFileType = wrapper.application; includeInIndex = 0; path = HorMenuList.app; sourceTree = BUILT_PRODUCTS_DIR; };
		837855B61E0A652F00B5C752 /* main.m */ = {isa = PBXFileReference; lastKnownFileType = sourcecode.c.objc; path = main.m; sourceTree = "<group>"; };
		837855B81E0A652F00B5C752 /* AppDelegate.h */ = {isa = PBXFileReference; lastKnownFileType = sourcecode.c.h; path = AppDelegate.h; sourceTree = "<group>"; };
		837855B91E0A652F00B5C752 /* AppDelegate.m */ = {isa = PBXFileReference; lastKnownFileType = sourcecode.c.objc; path = AppDelegate.m; sourceTree = "<group>"; };
		837855BB1E0A652F00B5C752 /* ViewController.h */ = {isa = PBXFileReference; lastKnownFileType = sourcecode.c.h; path = ViewController.h; sourceTree = "<group>"; };
		837855BC1E0A652F00B5C752 /* ViewController.m */ = {isa = PBXFileReference; lastKnownFileType = sourcecode.c.objc; path = ViewController.m; sourceTree = "<group>"; };
		837855BF1E0A652F00B5C752 /* Base */ = {isa = PBXFileReference; lastKnownFileType = file.storyboard; name = Base; path = Base.lproj/Main.storyboard; sourceTree = "<group>"; };
		837855C11E0A652F00B5C752 /* Assets.xcassets */ = {isa = PBXFileReference; lastKnownFileType = folder.assetcatalog; path = Assets.xcassets; sourceTree = "<group>"; };
		837855C41E0A652F00B5C752 /* Base */ = {isa = PBXFileReference; lastKnownFileType = file.storyboard; name = Base; path = Base.lproj/LaunchScreen.storyboard; sourceTree = "<group>"; };
		837855C61E0A652F00B5C752 /* Info.plist */ = {isa = PBXFileReference; lastKnownFileType = text.plist.xml; path = Info.plist; sourceTree = "<group>"; };
		837855CB1E0A652F00B5C752 /* HorMenuListTests.xctest */ = {isa = PBXFileReference; explicitFileType = wrapper.cfbundle; includeInIndex = 0; path = HorMenuListTests.xctest; sourceTree = BUILT_PRODUCTS_DIR; };
		837855CF1E0A652F00B5C752 /* HorMenuListTests.m */ = {isa = PBXFileReference; lastKnownFileType = sourcecode.c.objc; path = HorMenuListTests.m; sourceTree = "<group>"; };
		837855D11E0A652F00B5C752 /* Info.plist */ = {isa = PBXFileReference; lastKnownFileType = text.plist.xml; path = Info.plist; sourceTree = "<group>"; };
		837855D61E0A652F00B5C752 /* HorMenuListUITests.xctest */ = {isa = PBXFileReference; explicitFileType = wrapper.cfbundle; includeInIndex = 0; path = HorMenuListUITests.xctest; sourceTree = BUILT_PRODUCTS_DIR; };
		837855DA1E0A652F00B5C752 /* HorMenuListUITests.m */ = {isa = PBXFileReference; lastKnownFileType = sourcecode.c.objc; path = HorMenuListUITests.m; sourceTree = "<group>"; };
		837855DC1E0A652F00B5C752 /* Info.plist */ = {isa = PBXFileReference; lastKnownFileType = text.plist.xml; path = Info.plist; sourceTree = "<group>"; };
		837855E91E0A66A700B5C752 /* Hor_M_L_ScrollView.h */ = {isa = PBXFileReference; fileEncoding = 4; lastKnownFileType = sourcecode.c.h; path = Hor_M_L_ScrollView.h; sourceTree = "<group>"; };
		837855EA1E0A66A700B5C752 /* Hor_M_L_ScrollView.m */ = {isa = PBXFileReference; fileEncoding = 4; lastKnownFileType = sourcecode.c.objc; path = Hor_M_L_ScrollView.m; sourceTree = "<group>"; };
		837855EC1E0A681C00B5C752 /* MenuListView.h */ = {isa = PBXFileReference; fileEncoding = 4; lastKnownFileType = sourcecode.c.h; path = MenuListView.h; sourceTree = "<group>"; };
		837855ED1E0A681C00B5C752 /* MenuListView.m */ = {isa = PBXFileReference; fileEncoding = 4; lastKnownFileType = sourcecode.c.objc; path = MenuListView.m; sourceTree = "<group>"; };
/* End PBXFileReference section */

/* Begin PBXFrameworksBuildPhase section */
		837855AF1E0A652F00B5C752 /* Frameworks */ = {
			isa = PBXFrameworksBuildPhase;
			buildActionMask = 2147483647;
			files = (
			);
			runOnlyForDeploymentPostprocessing = 0;
		};
		837855C81E0A652F00B5C752 /* Frameworks */ = {
			isa = PBXFrameworksBuildPhase;
			buildActionMask = 2147483647;
			files = (
			);
			runOnlyForDeploymentPostprocessing = 0;
		};
		837855D31E0A652F00B5C752 /* Frameworks */ = {
			isa = PBXFrameworksBuildPhase;
			buildActionMask = 2147483647;
			files = (
			);
			runOnlyForDeploymentPostprocessing = 0;
		};
/* End PBXFrameworksBuildPhase section */

/* Begin PBXGroup section */
		837855A91E0A652F00B5C752 = {
			isa = PBXGroup;
			children = (
				837855B41E0A652F00B5C752 /* HorMenuList */,
				837855CE1E0A652F00B5C752 /* HorMenuListTests */,
				837855D91E0A652F00B5C752 /* HorMenuListUITests */,
				837855B31E0A652F00B5C752 /* Products */,
			);
			sourceTree = "<group>";
		};
		837855B31E0A652F00B5C752 /* Products */ = {
			isa = PBXGroup;
			children = (
				837855B21E0A652F00B5C752 /* HorMenuList.app */,
				837855CB1E0A652F00B5C752 /* HorMenuListTests.xctest */,
				837855D61E0A652F00B5C752 /* HorMenuListUITests.xctest */,
			);
			name = Products;
			sourceTree = "<group>";
		};
		837855B41E0A652F00B5C752 /* HorMenuList */ = {
			isa = PBXGroup;
			children = (
				837855B81E0A652F00B5C752 /* AppDelegate.h */,
				837855B91E0A652F00B5C752 /* AppDelegate.m */,
				837855BB1E0A652F00B5C752 /* ViewController.h */,
				837855BC1E0A652F00B5C752 /* ViewController.m */,
				837855EC1E0A681C00B5C752 /* MenuListView.h */,
				837855ED1E0A681C00B5C752 /* MenuListView.m */,
				837855E81E0A655400B5C752 /* Hor_M_L_ScrollView */,
				837855BE1E0A652F00B5C752 /* Main.storyboard */,
				837855C11E0A652F00B5C752 /* Assets.xcassets */,
				837855C31E0A652F00B5C752 /* LaunchScreen.storyboard */,
				837855C61E0A652F00B5C752 /* Info.plist */,
				837855B51E0A652F00B5C752 /* Supporting Files */,
			);
			path = HorMenuList;
			sourceTree = "<group>";
		};
		837855B51E0A652F00B5C752 /* Supporting Files */ = {
			isa = PBXGroup;
			children = (
				837855B61E0A652F00B5C752 /* main.m */,
			);
			name = "Supporting Files";
			sourceTree = "<group>";
		};
		837855CE1E0A652F00B5C752 /* HorMenuListTests */ = {
			isa = PBXGroup;
			children = (
				837855CF1E0A652F00B5C752 /* HorMenuListTests.m */,
				837855D11E0A652F00B5C752 /* Info.plist */,
			);
			path = HorMenuListTests;
			sourceTree = "<group>";
		};
		837855D91E0A652F00B5C752 /* HorMenuListUITests */ = {
			isa = PBXGroup;
			children = (
				837855DA1E0A652F00B5C752 /* HorMenuListUITests.m */,
				837855DC1E0A652F00B5C752 /* Info.plist */,
			);
			path = HorMenuListUITests;
			sourceTree = "<group>";
		};
		837855E81E0A655400B5C752 /* Hor_M_L_ScrollView */ = {
			isa = PBXGroup;
			children = (
				837855E91E0A66A700B5C752 /* Hor_M_L_ScrollView.h */,
				837855EA1E0A66A700B5C752 /* Hor_M_L_ScrollView.m */,
			);
			path = Hor_M_L_ScrollView;
			sourceTree = "<group>";
		};
/* End PBXGroup section */

/* Begin PBXNativeTarget section */
		837855B11E0A652F00B5C752 /* HorMenuList */ = {
			isa = PBXNativeTarget;
			buildConfigurationList = 837855DF1E0A652F00B5C752 /* Build configuration list for PBXNativeTarget "HorMenuList" */;
			buildPhases = (
				837855AE1E0A652F00B5C752 /* Sources */,
				837855AF1E0A652F00B5C752 /* Frameworks */,
				837855B01E0A652F00B5C752 /* Resources */,
			);
			buildRules = (
			);
			dependencies = (
			);
			name = HorMenuList;
			productName = HorMenuList;
			productReference = 837855B21E0A652F00B5C752 /* HorMenuList.app */;
			productType = "com.apple.product-type.application";
		};
		837855CA1E0A652F00B5C752 /* HorMenuListTests */ = {
			isa = PBXNativeTarget;
			buildConfigurationList = 837855E21E0A652F00B5C752 /* Build configuration list for PBXNativeTarget "HorMenuListTests" */;
			buildPhases = (
				837855C71E0A652F00B5C752 /* Sources */,
				837855C81E0A652F00B5C752 /* Frameworks */,
				837855C91E0A652F00B5C752 /* Resources */,
			);
			buildRules = (
			);
			dependencies = (
				837855CD1E0A652F00B5C752 /* PBXTargetDependency */,
			);
			name = HorMenuListTests;
			productName = HorMenuListTests;
			productReference = 837855CB1E0A652F00B5C752 /* HorMenuListTests.xctest */;
			productType = "com.apple.product-type.bundle.unit-test";
		};
		837855D51E0A652F00B5C752 /* HorMenuListUITests */ = {
			isa = PBXNativeTarget;
			buildConfigurationList = 837855E51E0A652F00B5C752 /* Build configuration list for PBXNativeTarget "HorMenuListUITests" */;
			buildPhases = (
				837855D21E0A652F00B5C752 /* Sources */,
				837855D31E0A652F00B5C752 /* Frameworks */,
				837855D41E0A652F00B5C752 /* Resources */,
			);
			buildRules = (
			);
			dependencies = (
				837855D81E0A652F00B5C752 /* PBXTargetDependency */,
			);
			name = HorMenuListUITests;
			productName = HorMenuListUITests;
			productReference = 837855D61E0A652F00B5C752 /* HorMenuListUITests.xctest */;
			productType = "com.apple.product-type.bundle.ui-testing";
		};
/* End PBXNativeTarget section */

/* Begin PBXProject section */
		837855AA1E0A652F00B5C752 /* Project object */ = {
			isa = PBXProject;
			attributes = {
				LastUpgradeCheck = 0810;
				ORGANIZATIONNAME = WYJ;
				TargetAttributes = {
					837855B11E0A652F00B5C752 = {
						CreatedOnToolsVersion = 8.1;
						DevelopmentTeam = S559HV9JXK;
						ProvisioningStyle = Automatic;
					};
					837855CA1E0A652F00B5C752 = {
						CreatedOnToolsVersion = 8.1;
						DevelopmentTeam = S559HV9JXK;
						ProvisioningStyle = Automatic;
						TestTargetID = 837855B11E0A652F00B5C752;
					};
					837855D51E0A652F00B5C752 = {
						CreatedOnToolsVersion = 8.1;
						DevelopmentTeam = S559HV9JXK;
						ProvisioningStyle = Automatic;
						TestTargetID = 837855B11E0A652F00B5C752;
					};
				};
			};
			buildConfigurationList = 837855AD1E0A652F00B5C752 /* Build configuration list for PBXProject "HorMenuList" */;
			compatibilityVersion = "Xcode 3.2";
			developmentRegion = English;
			hasScannedForEncodings = 0;
			knownRegions = (
				en,
				Base,
			);
			mainGroup = 837855A91E0A652F00B5C752;
			productRefGroup = 837855B31E0A652F00B5C752 /* Products */;
			projectDirPath = "";
			projectRoot = "";
			targets = (
				837855B11E0A652F00B5C752 /* HorMenuList */,
				837855CA1E0A652F00B5C752 /* HorMenuListTests */,
				837855D51E0A652F00B5C752 /* HorMenuListUITests */,
			);
		};
/* End PBXProject section */

/* Begin PBXResourcesBuildPhase section */
		837855B01E0A652F00B5C752 /* Resources */ = {
			isa = PBXResourcesBuildPhase;
			buildActionMask = 2147483647;
			files = (
				837855C51E0A652F00B5C752 /* LaunchScreen.storyboard in Resources */,
				837855C21E0A652F00B5C752 /* Assets.xcassets in Resources */,
				837855C01E0A652F00B5C752 /* Main.storyboard in Resources */,
			);
			runOnlyForDeploymentPostprocessing = 0;
		};
		837855C91E0A652F00B5C752 /* Resources */ = {
			isa = PBXResourcesBuildPhase;
			buildActionMask = 2147483647;
			files = (
			);
			runOnlyForDeploymentPostprocessing = 0;
		};
		837855D41E0A652F00B5C752 /* Resources */ = {
			isa = PBXResourcesBuildPhase;
			buildActionMask = 2147483647;
			files = (
			);
			runOnlyForDeploymentPostprocessing = 0;
		};
/* End PBXResourcesBuildPhase section */

/* Begin PBXSourcesBuildPhase section */
		837855AE1E0A652F00B5C752 /* Sources */ = {
			isa = PBXSourcesBuildPhase;
			buildActionMask = 2147483647;
			files = (
				837855EB1E0A66A700B5C752 /* Hor_M_L_ScrollView.m in Sources */,
				837855BD1E0A652F00B5C752 /* ViewController.m in Sources */,
				837855BA1E0A652F00B5C752 /* AppDelegate.m in Sources */,
				837855EE1E0A681C00B5C752 /* MenuListView.m in Sources */,
				837855B71E0A652F00B5C752 /* main.m in Sources */,
			);
			runOnlyForDeploymentPostprocessing = 0;
		};
		837855C71E0A652F00B5C752 /* Sources */ = {
			isa = PBXSourcesBuildPhase;
			buildActionMask = 2147483647;
			files = (
				837855D01E0A652F00B5C752 /* HorMenuListTests.m in Sources */,
			);
			runOnlyForDeploymentPostprocessing = 0;
		};
		837855D21E0A652F00B5C752 /* Sources */ = {
			isa = PBXSourcesBuildPhase;
			buildActionMask = 2147483647;
			files = (
				837855DB1E0A652F00B5C752 /* HorMenuListUITests.m in Sources */,
			);
			runOnlyForDeploymentPostprocessing = 0;
		};
/* End PBXSourcesBuildPhase section */

/* Begin PBXTargetDependency section */
		837855CD1E0A652F00B5C752 /* PBXTargetDependency */ = {
			isa = PBXTargetDependency;
			target = 837855B11E0A652F00B5C752 /* HorMenuList */;
			targetProxy = 837855CC1E0A652F00B5C752 /* PBXContainerItemProxy */;
		};
		837855D81E0A652F00B5C752 /* PBXTargetDependency */ = {
			isa = PBXTargetDependency;
			target = 837855B11E0A652F00B5C752 /* HorMenuList */;
			targetProxy = 837855D71E0A652F00B5C752 /* PBXContainerItemProxy */;
		};
/* End PBXTargetDependency section */

/* Begin PBXVariantGroup section */
		837855BE1E0A652F00B5C752 /* Main.storyboard */ = {
			isa = PBXVariantGroup;
			children = (
				837855BF1E0A652F00B5C752 /* Base */,
			);
			name = Main.storyboard;
			sourceTree = "<group>";
		};
		837855C31E0A652F00B5C752 /* LaunchScreen.storyboard */ = {
			isa = PBXVariantGroup;
			children = (
				837855C41E0A652F00B5C752 /* Base */,
			);
			name = LaunchScreen.storyboard;
			sourceTree = "<group>";
		};
/* End PBXVariantGroup section */

/* Begin XCBuildConfiguration section */
		837855DD1E0A652F00B5C752 /* Debug */ = {
			isa = XCBuildConfiguration;
			buildSettings = {
				ALWAYS_SEARCH_USER_PATHS = NO;
				CLANG_ANALYZER_NONNULL = YES;
				CLANG_CXX_LANGUAGE_STANDARD = "gnu++0x";
				CLANG_CXX_LIBRARY = "libc++";
				CLANG_ENABLE_MODULES = YES;
				CLANG_ENABLE_OBJC_ARC = YES;
				CLANG_WARN_BOOL_CONVERSION = YES;
				CLANG_WARN_CONSTANT_CONVERSION = YES;
				CLANG_WARN_DIRECT_OBJC_ISA_USAGE = YES_ERROR;
				CLANG_WARN_DOCUMENTATION_COMMENTS = YES;
				CLANG_WARN_EMPTY_BODY = YES;
				CLANG_WARN_ENUM_CONVERSION = YES;
				CLANG_WARN_INFINITE_RECURSION = YES;
				CLANG_WARN_INT_CONVERSION = YES;
				CLANG_WARN_OBJC_ROOT_CLASS = YES_ERROR;
				CLANG_WARN_SUSPICIOUS_MOVES = YES;
				CLANG_WARN_UNREACHABLE_CODE = YES;
				CLANG_WARN__DUPLICATE_METHOD_MATCH = YES;
				"CODE_SIGN_IDENTITY[sdk=iphoneos*]" = "iPhone Developer";
				COPY_PHASE_STRIP = NO;
				DEBUG_INFORMATION_FORMAT = dwarf;
				ENABLE_STRICT_OBJC_MSGSEND = YES;
				ENABLE_TESTABILITY = YES;
				GCC_C_LANGUAGE_STANDARD = gnu99;
				GCC_DYNAMIC_NO_PIC = NO;
				GCC_NO_COMMON_BLOCKS = YES;
				GCC_OPTIMIZATION_LEVEL = 0;
				GCC_PREPROCESSOR_DEFINITIONS = (
					"DEBUG=1",
					"$(inherited)",
				);
				GCC_WARN_64_TO_32_BIT_CONVERSION = YES;
				GCC_WARN_ABOUT_RETURN_TYPE = YES_ERROR;
				GCC_WARN_UNDECLARED_SELECTOR = YES;
				GCC_WARN_UNINITIALIZED_AUTOS = YES_AGGRESSIVE;
				GCC_WARN_UNUSED_FUNCTION = YES;
				GCC_WARN_UNUSED_VARIABLE = YES;
				IPHONEOS_DEPLOYMENT_TARGET = 10.1;
				MTL_ENABLE_DEBUG_INFO = YES;
				ONLY_ACTIVE_ARCH = YES;
				SDKROOT = iphoneos;
				TARGETED_DEVICE_FAMILY = "1,2";
			};
			name = Debug;
		};
		837855DE1E0A652F00B5C752 /* Release */ = {
			isa = XCBuildConfiguration;
			buildSettings = {
				ALWAYS_SEARCH_USER_PATHS = NO;
				CLANG_ANALYZER_NONNULL = YES;
				CLANG_CXX_LANGUAGE_STANDARD = "gnu++0x";
				CLANG_CXX_LIBRARY = "libc++";
				CLANG_ENABLE_MODULES = YES;
				CLANG_ENABLE_OBJC_ARC = YES;
				CLANG_WARN_BOOL_CONVERSION = YES;
				CLANG_WARN_CONSTANT_CONVERSION = YES;
				CLANG_WARN_DIRECT_OBJC_ISA_USAGE = YES_ERROR;
				CLANG_WARN_DOCUMENTATION_COMMENTS = YES;
				CLANG_WARN_EMPTY_BODY = YES;
				CLANG_WARN_ENUM_CONVERSION = YES;
				CLANG_WARN_INFINITE_RECURSION = YES;
				CLANG_WARN_INT_CONVERSION = YES;
				CLANG_WARN_OBJC_ROOT_CLASS = YES_ERROR;
				CLANG_WARN_SUSPICIOUS_MOVES = YES;
				CLANG_WARN_UNREACHABLE_CODE = YES;
				CLANG_WARN__DUPLICATE_METHOD_MATCH = YES;
				"CODE_SIGN_IDENTITY[sdk=iphoneos*]" = "iPhone Developer";
				COPY_PHASE_STRIP = NO;
				DEBUG_INFORMATION_FORMAT = "dwarf-with-dsym";
				ENABLE_NS_ASSERTIONS = NO;
				ENABLE_STRICT_OBJC_MSGSEND = YES;
				GCC_C_LANGUAGE_STANDARD = gnu99;
				GCC_NO_COMMON_BLOCKS = YES;
				GCC_WARN_64_TO_32_BIT_CONVERSION = YES;
				GCC_WARN_ABOUT_RETURN_TYPE = YES_ERROR;
				GCC_WARN_UNDECLARED_SELECTOR = YES;
				GCC_WARN_UNINITIALIZED_AUTOS = YES_AGGRESSIVE;
				GCC_WARN_UNUSED_FUNCTION = YES;
				GCC_WARN_UNUSED_VARIABLE = YES;
				IPHONEOS_DEPLOYMENT_TARGET = 10.1;
				MTL_ENABLE_DEBUG_INFO = NO;
				SDKROOT = iphoneos;
				TARGETED_DEVICE_FAMILY = "1,2";
				VALIDATE_PRODUCT = YES;
			};
			name = Release;
		};
		837855E01E0A652F00B5C752 /* Debug */ = {
			isa = XCBuildConfiguration;
			buildSettings = {
				ASSETCATALOG_COMPILER_APPICON_NAME = AppIcon;
				DEVELOPMENT_TEAM = S559HV9JXK;
				INFOPLIST_FILE = HorMenuList/Info.plist;
				LD_RUNPATH_SEARCH_PATHS = "$(inherited) @executable_path/Frameworks";
				PRODUCT_BUNDLE_IDENTIFIER = com.wyj.www.HorMenuList;
				PRODUCT_NAME = "$(TARGET_NAME)";
			};
			name = Debug;
		};
		837855E11E0A652F00B5C752 /* Release */ = {
			isa = XCBuildConfiguration;
			buildSettings = {
				ASSETCATALOG_COMPILER_APPICON_NAME = AppIcon;
				DEVELOPMENT_TEAM = S559HV9JXK;
				INFOPLIST_FILE = HorMenuList/Info.plist;
				LD_RUNPATH_SEARCH_PATHS = "$(inherited) @executable_path/Frameworks";
				PRODUCT_BUNDLE_IDENTIFIER = com.wyj.www.HorMenuList;
				PRODUCT_NAME = "$(TARGET_NAME)";
			};
			name = Release;
		};
		837855E31E0A652F00B5C752 /* Debug */ = {
			isa = XCBuildConfiguration;
			buildSettings = {
				BUNDLE_LOADER = "$(TEST_HOST)";
				DEVELOPMENT_TEAM = S559HV9JXK;
				INFOPLIST_FILE = HorMenuListTests/Info.plist;
				LD_RUNPATH_SEARCH_PATHS = "$(inherited) @executable_path/Frameworks @loader_path/Frameworks";
				PRODUCT_BUNDLE_IDENTIFIER = com.wyj.www.HorMenuListTests;
				PRODUCT_NAME = "$(TARGET_NAME)";
				TEST_HOST = "$(BUILT_PRODUCTS_DIR)/HorMenuList.app/HorMenuList";
			};
			name = Debug;
		};
		837855E41E0A652F00B5C752 /* Release */ = {
			isa = XCBuildConfiguration;
			buildSettings = {
				BUNDLE_LOADER = "$(TEST_HOST)";
				DEVELOPMENT_TEAM = S559HV9JXK;
				INFOPLIST_FILE = HorMenuListTests/Info.plist;
				LD_RUNPATH_SEARCH_PATHS = "$(inherited) @executable_path/Frameworks @loader_path/Frameworks";
				PRODUCT_BUNDLE_IDENTIFIER = com.wyj.www.HorMenuListTests;
				PRODUCT_NAME = "$(TARGET_NAME)";
				TEST_HOST = "$(BUILT_PRODUCTS_DIR)/HorMenuList.app/HorMenuList";
			};
			name = Release;
		};
		837855E61E0A652F00B5C752 /* Debug */ = {
			isa = XCBuildConfiguration;
			buildSettings = {
				DEVELOPMENT_TEAM = S559HV9JXK;
				INFOPLIST_FILE = HorMenuListUITests/Info.plist;
				LD_RUNPATH_SEARCH_PATHS = "$(inherited) @executable_path/Frameworks @loader_path/Frameworks";
				PRODUCT_BUNDLE_IDENTIFIER = com.wyj.www.HorMenuListUITests;
				PRODUCT_NAME = "$(TARGET_NAME)";
				TEST_TARGET_NAME = HorMenuList;
			};
			name = Debug;
		};
		837855E71E0A652F00B5C752 /* Release */ = {
			isa = XCBuildConfiguration;
			buildSettings = {
				DEVELOPMENT_TEAM = S559HV9JXK;
				INFOPLIST_FILE = HorMenuListUITests/Info.plist;
				LD_RUNPATH_SEARCH_PATHS = "$(inherited) @executable_path/Frameworks @loader_path/Frameworks";
				PRODUCT_BUNDLE_IDENTIFIER = com.wyj.www.HorMenuListUITests;
				PRODUCT_NAME = "$(TARGET_NAME)";
				TEST_TARGET_NAME = HorMenuList;
			};
			name = Release;
		};
/* End XCBuildConfiguration section */

/* Begin XCConfigurationList section */
		837855AD1E0A652F00B5C752 /* Build configuration list for PBXProject "HorMenuList" */ = {
			isa = XCConfigurationList;
			buildConfigurations = (
				837855DD1E0A652F00B5C752 /* Debug */,
				837855DE1E0A652F00B5C752 /* Release */,
			);
			defaultConfigurationIsVisible = 0;
			defaultConfigurationName = Release;
		};
		837855DF1E0A652F00B5C752 /* Build configuration list for PBXNativeTarget "HorMenuList" */ = {
			isa = XCConfigurationList;
			buildConfigurations = (
				837855E01E0A652F00B5C752 /* Debug */,
				837855E11E0A652F00B5C752 /* Release */,
			);
			defaultConfigurationIsVisible = 0;
		};
		837855E21E0A652F00B5C752 /* Build configuration list for PBXNativeTarget "HorMenuListTests" */ = {
			isa = XCConfigurationList;
			buildConfigurations = (
				837855E31E0A652F00B5C752 /* Debug */,
				837855E41E0A652F00B5C752 /* Release */,
			);
			defaultConfigurationIsVisible = 0;
		};
		837855E51E0A652F00B5C752 /* Build configuration list for PBXNativeTarget "HorMenuListUITests" */ = {
			isa = XCConfigurationList;
			buildConfigurations = (
				837855E61E0A652F00B5C752 /* Debug */,
				837855E71E0A652F00B5C752 /* Release */,
			);
			defaultConfigurationIsVisible = 0;
		};
/* End XCConfigurationList section */
	};
	rootObject = 837855AA1E0A652F00B5C752 /* Project object */;
}
